
Microsoft Visual Studio Solution File, Format Version 12.00
# Visual Studio Version 17
VisualStudioVersion = 17.11.35327.3
MinimumVisualStudioVersion = 10.0.40219.1
Project("{FAE04EC0-301F-11D3-BF4B-00C04F79EFBC}") = "Desempenio1", "Desempenio1\Desempenio1.csproj", "{68889A19-8129-477D-A7DC-97530351053E}"
EndProject
Global
	GlobalSection(SolutionConfigurationPlatforms) = preSolution
		Debug|Any CPU = Debug|Any CPU
		Release|Any CPU = Release|Any CPU
	EndGlobalSection
	GlobalSection(ProjectConfigurationPlatforms) = postSolution
		{68889A19-8129-477D-A7DC-97530351053E}.Debug|Any CPU.ActiveCfg = Debug|Any CPU
		{68889A19-8129-477D-A7DC-97530351053E}.Debug|Any CPU.Build.0 = Debug|Any CPU
		{68889A19-8129-477D-A7DC-97530351053E}.Release|Any CPU.ActiveCfg = Release|Any CPU
		{68889A19-8129-477D-A7DC-97530351053E}.Release|Any CPU.Build.0 = Release|Any CPU
	EndGlobalSection
	GlobalSection(SolutionProperties) = preSolution
		HideSolutionNode = FALSE
	EndGlobalSection
	GlobalSection(ExtensibilityGlobals) = postSolution
		SolutionGuid = {4C5A3F05-FABC-4A1B-A61E-4F2931F10E32}
	EndGlobalSection
EndGlobal
